<?xml version="1.0" encoding="utf-8"?>
<Project ToolsVersion="4.0" xmlns="http://schemas.microsoft.com/developer/msbuild/2003">
  <ItemGroup>
    <Filter Include="Source Files">
      <UniqueIdentifier>{4FC737F1-C7A5-4376-A066-2A32D752A2FF}</UniqueIdentifier>
      <Extensions>cpp;c;cc;cxx;def;odl;idl;hpj;bat;asm;asmx</Extensions>
    </Filter>
    <Filter Include="Header Files">
      <UniqueIdentifier>{93995380-89BD-4b04-88EB-625FBE52EBFB}</UniqueIdentifier>
      <Extensions>h;hh;hpp;hxx;hm;inl;inc;xsd</Extensions>
    </Filter>
    <Filter Include="Resource Files">
      <UniqueIdentifier>{67DA6AB6-F800-4c08-8B7A-83BB121AAD01}</UniqueIdentifier>
      <Extensions>rc;ico;cur;bmp;dlg;rc2;rct;bin;rgs;gif;jpg;jpeg;jpe;resx;tiff;tif;png;wav;mfcribbon-ms</Extensions>
    </Filter>
  </ItemGroup>
  <ItemGroup>
    <ClCompile Include="button_EXIT.cpp">
      <Filter>Source Files</Filter>
    </ClCompile>
    <ClCompile Include="button_help.cpp">
      <Filter>Source Files</Filter>
    </ClCompile>
    <ClCompile Include="buttton.cpp">
      <Filter>Source Files</Filter>
    </ClCompile>
    <ClCompile Include="main.cpp">
      <Filter>Source Files</Filter>
    </ClCompile>
    <ClCompile Include="Singleton.cpp">
      <Filter>Source Files</Filter>
    </ClCompile>
    <ClCompile Include="start_menu.cpp">
      <Filter>Source Files</Filter>
    </ClCompile>
    <ClCompile Include="button_NewGame.cpp">
      <Filter>Source Files</Filter>
    </ClCompile>
    <ClCompile Include="Dok.cpp">
      <Filter>Source Files</Filter>
    </ClCompile>
    <ClCompile Include="Doks.cpp">
      <Filter>Source Files</Filter>
    </ClCompile>
    <ClCompile Include="GameScore.cpp">
      <Filter>Source Files</Filter>
    </ClCompile>
    <ClCompile Include="GameTime.cpp">
      <Filter>Source Files</Filter>
    </ClCompile>
    <ClCompile Include="Controller.cpp">
      <Filter>Source Files</Filter>
    </ClCompile>
  </ItemGroup>
  <ItemGroup>
    <ClInclude Include="button_EXIT.h">
      <Filter>Header Files</Filter>
    </ClInclude>
    <ClInclude Include="button_help.h">
      <Filter>Header Files</Filter>
    </ClInclude>
    <ClInclude Include="button_NewGame.h">
      <Filter>Header Files</Filter>
    </ClInclude>
    <ClInclude Include="buttton.h">
      <Filter>Header Files</Filter>
    </ClInclude>
    <ClInclude Include="Singleton.h">
      <Filter>Header Files</Filter>
    </ClInclude>
    <ClInclude Include="start_menu.h">
      <Filter>Header Files</Filter>
    </ClInclude>
    <ClInclude Include="Dok.h">
      <Filter>Header Files</Filter>
    </ClInclude>
    <ClInclude Include="Doks.h">
      <Filter>Header Files</Filter>
    </ClInclude>
    <ClInclude Include="GameScore.h">
      <Filter>Header Files</Filter>
    </ClInclude>
    <ClInclude Include="GameTime.h">
      <Filter>Header Files</Filter>
    </ClInclude>
    <ClInclude Include="Controller.h">
      <Filter>Header Files</Filter>
    </ClInclude>
  </ItemGroup>
  <ItemGroup>
    <Image Include="backg.png">
      <Filter>Resource Files</Filter>
    </Image>
    <Image Include="main1.png">
      <Filter>Resource Files</Filter>
    </Image>
    <Image Include="menu_p.jpg">
      <Filter>Resource Files</Filter>
    </Image>
    <Image Include="Untitled-4.png">
      <Filter>Resource Files</Filter>
    </Image>
    <Image Include="Help.png">
      <Filter>Resource Files</Filter>
    </Image>
  </ItemGroup>
  <ItemGroup>
    <None Include="soundmix.ogg">
      <Filter>Resource Files</Filter>
    </None>
    <None Include="bleep.ogg">
      <Filter>Resource Files</Filter>
    </None>
    <None Include="Hall.ogg">
      <Filter>Resource Files</Filter>
    </None>
    <None Include="Game Over.ogg">
      <Filter>Resource Files</Filter>
    </None>
    <None Include="Wrong.ogg">
      <Filter>Resource Files</Filter>
    </None>
  </ItemGroup>
  <ItemGroup>
    <Text Include="HigeScore.txt">
      <Filter>Resource Files</Filter>
    </Text>
  </ItemGroup>
</Project>